lockfileVersion: 5.4

specifiers:
  miniprogram-api-typings: ^2.8.3-1
  mitt: ^3.0.1

dependencies:
  mitt: registry.npmmirror.com/mitt/3.0.1

devDependencies:
  miniprogram-api-typings: registry.npmmirror.com/miniprogram-api-typings/2.12.0

packages:

  registry.npmmirror.com/miniprogram-api-typings/2.12.0:
    resolution: {integrity: sha512-ibvbqeslVFur0IAvTxLMvsbtvVcMo6gwvOnj0YZHV7aeDLu091VQRrETT2QuiG9P6aZWRcxeNGJChRKVPCp9VQ==, registry: https://registry.npm.taobao.org/, tarball: https://registry.npmmirror.com/miniprogram-api-typings/-/miniprogram-api-typings-2.12.0.tgz}
    name: miniprogram-api-typings
    version: 2.12.0
    dev: true

  registry.npmmirror.com/mitt/3.0.1:
    resolution: {integrity: sha512-vKivATfr97l2/QBCYAkXYDbrIWPM2IIKEl7YPhjCvKlG3kE2gm+uBo6nEXK3M5/Ffh/FLpKExzOQ3JJoJGFKBw==, registry: https://registry.npm.taobao.org/, tarball: https://registry.npmmirror.com/mitt/-/mitt-3.0.1.tgz}
    name: mitt
    version: 3.0.1
    dev: false
